{
  "name": "dreamcatcher",
  "version": "0.1.0",
  "lockfileVersion": 3,
  "requires": true,
  "packages": {
    "": {
      "name": "dreamcatcher",
      "version": "0.1.0",
      "dependencies": {
        "fs-extra": "^11.3.1",
        "playwright": "^1.61.1"
      }
    },
    "node_modules/fs-extra": {
      "version": "11.3.6",
      "resolved": "https://registry.npmjs.org/fs-extra/-/fs-extra-11.3.6.tgz",
      "integrity": "sha512-w8ZNZr2mKIc7qeNaQ9AVPT1+iFaI+Avd4xudVOvdDJ8VytREi1Ft5Ih7hd9jjehod8vAM5GMsfQ/TpPf4EyoEA==",
      "dependencies": {
        "graceful-fs": "^4.2.0",
        "jsonfile": "^6.0.1",
        "universalify": "^2.0.0"
      },
      "engines": {
        "node": ">=14.14"
      }
    },
    "node_modules/fsevents": {
      "version": "2.3.2",
      "resolved": "https://registry.npmjs.org/fsevents/-/fsevents-2.3.2.tgz",
      "integrity": "sha512-xiqMQR4xAeHTuB9uWm+fFRcIOgKBMiOBP+eXiyT7jsgVCq1bkVygt00oASowB7EdtpOHaaPgKt812P9ab+DDKA==",
      "hasInstallScript": true,
      "optional": true,
      "os": [
        "darwin"
      ],
      "engines": {
        "node": "^8.16.0 || ^10.6.0 || >=11.0.0"
      }
    },
    "node_modules/graceful-fs": {
      "version": "4.2.11",
      "resolved": "https://registry.npmjs.org/graceful-fs/-/graceful-fs-4.2.11.tgz",
      "integrity": "sha512-RbJ5/jmFcNNCcDV5o9eTnBLJ/HszWV0P73bc+Ff4nS/rJj+YaS6IGyiOL0VoBYX+l1Wrl3k63h/KrH+nhJ0XvQ=="
    },
    "node_modules/jsonfile": {
      "version": "6.2.1",
      "resolved": "https://registry.npmjs.org/jsonfile/-/jsonfile-6.2.1.tgz",
      "integrity": "sha512-zwOTdL3rFQ/lRdBnntKVOX6k5cKJwEc1HdilT71BWEu7J41gXIB2MRp+vxduPSwZJPWBxEzv4yH1wYLJGUHX4Q==",
      "dependencies": {
        "universalify": "^2.0.0"
      },
      "optionalDependencies": {
        "graceful-fs": "^4.1.6"
      }
    },
    "node_modules/playwright": {
      "version": "1.61.1",
      "resolved": "https://registry.npmjs.org/playwright/-/playwright-1.61.1.tgz",
      "integrity": "sha512-DWnY5o3YbLWK4GovuAVwpqL+1VwGNdUGrRr++8j8PtQQzvAVZUIMjKQ90fY689sEJZJBbZVw1rXaOKSTitkzPQ==",
      "dependencies": {
        "playwright-core": "1.61.1"
      },
      "bin": {
        "playwright": "cli.js"
      },
      "engines": {
        "node": ">=18"
      },
      "optionalDependencies": {
        "fsevents": "2.3.2"
      }
    },
    "node_modules/playwright-core": {
      "version": "1.61.1",
      "resolved": "https://registry.npmjs.org/playwright-core/-/playwright-core-1.61.1.tgz",
      "integrity": "sha512-h7Qlt6m4REp25qvIdvbDtVmD4LqVXfpRxhORv9L0jzETM05p4fuPJ3dKyuSXQxDSbXnmS79HAgi9589lGSpLkg==",
      "bin": {
        "playwright-core": "cli.js"
      },
      "engines": {
        "node": ">=18"
      }
    },
    "node_modules/universalify": {
      "version": "2.0.1",
      "resolved": "https://registry.npmjs.org/universalify/-/universalify-2.0.1.tgz",
      "integrity": "sha512-gptHNQghINnc/vTGIk0SOFGFNXw7JVrlRUtConJRlvaw6DuX0wO5Jeko9sWrMBhh+PsYAZ7oXAiOnf/UKogyiw==",
      "engines": {
        "node": ">= 10.0.0"
      }
    }
  }
}
